
Microsoft Visual Studio Solution File, Format Version 12.00
Project("{FAE04EC0-301F-11D3-BF4B-00C04F79EFBC}") = "homework33", "homework33.csproj", "{C34DD1CC-9176-4CCB-9CE8-46F66C536BFC}"
EndProject
Global
	GlobalSection(SolutionConfigurationPlatforms) = preSolution
		Debug|Any CPU = Debug|Any CPU
		Release|Any CPU = Release|Any CPU
	EndGlobalSection
	GlobalSection(ProjectConfigurationPlatforms) = postSolution
		{C34DD1CC-9176-4CCB-9CE8-46F66C536BFC}.Debug|Any CPU.ActiveCfg = Debug|Any CPU
		{C34DD1CC-9176-4CCB-9CE8-46F66C536BFC}.Debug|Any CPU.Build.0 = Debug|Any CPU
		{C34DD1CC-9176-4CCB-9CE8-46F66C536BFC}.Release|Any CPU.ActiveCfg = Release|Any CPU
		{C34DD1CC-9176-4CCB-9CE8-46F66C536BFC}.Release|Any CPU.Build.0 = Release|Any CPU
	EndGlobalSection
EndGlobal
