
Microsoft Visual Studio Solution File, Format Version 12.00
# Visual Studio Version 16
VisualStudioVersion = 16.0.31702.278
MinimumVisualStudioVersion = 10.0.40219.1
Project("{FAE04EC0-301F-11D3-BF4B-00C04F79EFBC}") = "prog", "prog.csproj", "{B0E16DC0-05A6-424E-B330-8F731C38C5BD}"
EndProject
Global
	GlobalSection(SolutionConfigurationPlatforms) = preSolution
		Debug|Any CPU = Debug|Any CPU
		Release|Any CPU = Release|Any CPU
	EndGlobalSection
	GlobalSection(ProjectConfigurationPlatforms) = postSolution
		{B0E16DC0-05A6-424E-B330-8F731C38C5BD}.Debug|Any CPU.ActiveCfg = Debug|Any CPU
		{B0E16DC0-05A6-424E-B330-8F731C38C5BD}.Debug|Any CPU.Build.0 = Debug|Any CPU
		{B0E16DC0-05A6-424E-B330-8F731C38C5BD}.Release|Any CPU.ActiveCfg = Release|Any CPU
		{B0E16DC0-05A6-424E-B330-8F731C38C5BD}.Release|Any CPU.Build.0 = Release|Any CPU
	EndGlobalSection
	GlobalSection(SolutionProperties) = preSolution
		HideSolutionNode = FALSE
	EndGlobalSection
	GlobalSection(ExtensibilityGlobals) = postSolution
		SolutionGuid = {424CA601-AC5B-4C91-A014-D662BC6DECCA}
	EndGlobalSection
EndGlobal
