
Microsoft Visual Studio Solution File, Format Version 12.00
# Visual Studio Version 17
VisualStudioVersion = 17.0.32112.339
MinimumVisualStudioVersion = 10.0.40219.1
Project("{FAE04EC0-301F-11D3-BF4B-00C04F79EFBC}") = "homework10", "homework10.csproj", "{54FB7F21-55DD-4D9C-9E92-AE24119ADFDF}"
EndProject
Global
	GlobalSection(SolutionConfigurationPlatforms) = preSolution
		Debug|Any CPU = Debug|Any CPU
		Release|Any CPU = Release|Any CPU
	EndGlobalSection
	GlobalSection(ProjectConfigurationPlatforms) = postSolution
		{54FB7F21-55DD-4D9C-9E92-AE24119ADFDF}.Debug|Any CPU.ActiveCfg = Debug|Any CPU
		{54FB7F21-55DD-4D9C-9E92-AE24119ADFDF}.Debug|Any CPU.Build.0 = Debug|Any CPU
		{54FB7F21-55DD-4D9C-9E92-AE24119ADFDF}.Release|Any CPU.ActiveCfg = Release|Any CPU
		{54FB7F21-55DD-4D9C-9E92-AE24119ADFDF}.Release|Any CPU.Build.0 = Release|Any CPU
	EndGlobalSection
	GlobalSection(SolutionProperties) = preSolution
		HideSolutionNode = FALSE
	EndGlobalSection
	GlobalSection(ExtensibilityGlobals) = postSolution
		SolutionGuid = {60F95131-6692-4372-AC81-F6259449BB1D}
	EndGlobalSection
EndGlobal
