
Microsoft Visual Studio Solution File, Format Version 12.00
# Visual Studio Version 16
VisualStudioVersion = 16.0.31702.278
MinimumVisualStudioVersion = 10.0.40219.1
Project("{FAE04EC0-301F-11D3-BF4B-00C04F79EFBC}") = "prog3", "prog3.csproj", "{0B1D8A6D-8E54-41DD-9FDF-0F2CF05783B3}"
EndProject
Global
	GlobalSection(SolutionConfigurationPlatforms) = preSolution
		Debug|Any CPU = Debug|Any CPU
		Release|Any CPU = Release|Any CPU
	EndGlobalSection
	GlobalSection(ProjectConfigurationPlatforms) = postSolution
		{0B1D8A6D-8E54-41DD-9FDF-0F2CF05783B3}.Debug|Any CPU.ActiveCfg = Debug|Any CPU
		{0B1D8A6D-8E54-41DD-9FDF-0F2CF05783B3}.Debug|Any CPU.Build.0 = Debug|Any CPU
		{0B1D8A6D-8E54-41DD-9FDF-0F2CF05783B3}.Release|Any CPU.ActiveCfg = Release|Any CPU
		{0B1D8A6D-8E54-41DD-9FDF-0F2CF05783B3}.Release|Any CPU.Build.0 = Release|Any CPU
	EndGlobalSection
	GlobalSection(SolutionProperties) = preSolution
		HideSolutionNode = FALSE
	EndGlobalSection
	GlobalSection(ExtensibilityGlobals) = postSolution
		SolutionGuid = {72350B25-02A2-4A6B-9567-FC9E87D5875E}
	EndGlobalSection
EndGlobal
