
Microsoft Visual Studio Solution File, Format Version 12.00
Project("{FAE04EC0-301F-11D3-BF4B-00C04F79EFBC}") = "homework_3_12", "homework_3_12.csproj", "{EC9F8AB4-A73A-4B30-A337-F4184D6A4AC6}"
EndProject
Global
	GlobalSection(SolutionConfigurationPlatforms) = preSolution
		Debug|Any CPU = Debug|Any CPU
		Release|Any CPU = Release|Any CPU
	EndGlobalSection
	GlobalSection(ProjectConfigurationPlatforms) = postSolution
		{EC9F8AB4-A73A-4B30-A337-F4184D6A4AC6}.Debug|Any CPU.ActiveCfg = Debug|Any CPU
		{EC9F8AB4-A73A-4B30-A337-F4184D6A4AC6}.Debug|Any CPU.Build.0 = Debug|Any CPU
		{EC9F8AB4-A73A-4B30-A337-F4184D6A4AC6}.Release|Any CPU.ActiveCfg = Release|Any CPU
		{EC9F8AB4-A73A-4B30-A337-F4184D6A4AC6}.Release|Any CPU.Build.0 = Release|Any CPU
	EndGlobalSection
EndGlobal
