
Microsoft Visual Studio Solution File, Format Version 12.00
Project("{FAE04EC0-301F-11D3-BF4B-00C04F79EFBC}") = "homework31_1", "homework31_1.csproj", "{7093000D-4CC1-4032-A90B-2EA7B67BDAF9}"
EndProject
Global
	GlobalSection(SolutionConfigurationPlatforms) = preSolution
		Debug|Any CPU = Debug|Any CPU
		Release|Any CPU = Release|Any CPU
	EndGlobalSection
	GlobalSection(ProjectConfigurationPlatforms) = postSolution
		{7093000D-4CC1-4032-A90B-2EA7B67BDAF9}.Debug|Any CPU.ActiveCfg = Debug|Any CPU
		{7093000D-4CC1-4032-A90B-2EA7B67BDAF9}.Debug|Any CPU.Build.0 = Debug|Any CPU
		{7093000D-4CC1-4032-A90B-2EA7B67BDAF9}.Release|Any CPU.ActiveCfg = Release|Any CPU
		{7093000D-4CC1-4032-A90B-2EA7B67BDAF9}.Release|Any CPU.Build.0 = Release|Any CPU
	EndGlobalSection
EndGlobal
