
Microsoft Visual Studio Solution File, Format Version 12.00
# Visual Studio Version 16
VisualStudioVersion = 16.0.31702.278
MinimumVisualStudioVersion = 10.0.40219.1
Project("{FAE04EC0-301F-11D3-BF4B-00C04F79EFBC}") = "prog5", "prog5.csproj", "{1E8473D9-6D58-4579-B355-EEBC2CA67A08}"
EndProject
Global
	GlobalSection(SolutionConfigurationPlatforms) = preSolution
		Debug|Any CPU = Debug|Any CPU
		Release|Any CPU = Release|Any CPU
	EndGlobalSection
	GlobalSection(ProjectConfigurationPlatforms) = postSolution
		{1E8473D9-6D58-4579-B355-EEBC2CA67A08}.Debug|Any CPU.ActiveCfg = Debug|Any CPU
		{1E8473D9-6D58-4579-B355-EEBC2CA67A08}.Debug|Any CPU.Build.0 = Debug|Any CPU
		{1E8473D9-6D58-4579-B355-EEBC2CA67A08}.Release|Any CPU.ActiveCfg = Release|Any CPU
		{1E8473D9-6D58-4579-B355-EEBC2CA67A08}.Release|Any CPU.Build.0 = Release|Any CPU
	EndGlobalSection
	GlobalSection(SolutionProperties) = preSolution
		HideSolutionNode = FALSE
	EndGlobalSection
	GlobalSection(ExtensibilityGlobals) = postSolution
		SolutionGuid = {B8968568-8D0C-46F3-B5A3-A989A9D3314C}
	EndGlobalSection
EndGlobal
