
Microsoft Visual Studio Solution File, Format Version 12.00
# Visual Studio Version 16
VisualStudioVersion = 16.0.31702.278
MinimumVisualStudioVersion = 10.0.40219.1
Project("{FAE04EC0-301F-11D3-BF4B-00C04F79EFBC}") = "prog2", "prog2.csproj", "{A2FD26F2-E8B6-41FB-8046-388FCE616383}"
EndProject
Global
	GlobalSection(SolutionConfigurationPlatforms) = preSolution
		Debug|Any CPU = Debug|Any CPU
		Release|Any CPU = Release|Any CPU
	EndGlobalSection
	GlobalSection(ProjectConfigurationPlatforms) = postSolution
		{A2FD26F2-E8B6-41FB-8046-388FCE616383}.Debug|Any CPU.ActiveCfg = Debug|Any CPU
		{A2FD26F2-E8B6-41FB-8046-388FCE616383}.Debug|Any CPU.Build.0 = Debug|Any CPU
		{A2FD26F2-E8B6-41FB-8046-388FCE616383}.Release|Any CPU.ActiveCfg = Release|Any CPU
		{A2FD26F2-E8B6-41FB-8046-388FCE616383}.Release|Any CPU.Build.0 = Release|Any CPU
	EndGlobalSection
	GlobalSection(SolutionProperties) = preSolution
		HideSolutionNode = FALSE
	EndGlobalSection
	GlobalSection(ExtensibilityGlobals) = postSolution
		SolutionGuid = {6DD4A7DA-D2AC-4230-9FF0-E6A480755597}
	EndGlobalSection
EndGlobal
